
Microsoft Visual Studio Solution File, Format Version 12.00
# Visual Studio Version 16
VisualStudioVersion = 16.0.30717.126
MinimumVisualStudioVersion = 10.0.40219.1
Project("{FAE04EC0-301F-11D3-BF4B-00C04F79EFBC}") = "MDI_Interface", "MDI_Interface\MDI_Interface.csproj", "{9AAF4F63-0A7F-492B-9975-012F2145443B}"
EndProject
Global
	GlobalSection(SolutionConfigurationPlatforms) = preSolution
		Debug|Any CPU = Debug|Any CPU
		Release|Any CPU = Release|Any CPU
	EndGlobalSection
	GlobalSection(ProjectConfigurationPlatforms) = postSolution
		{9AAF4F63-0A7F-492B-9975-012F2145443B}.Debug|Any CPU.ActiveCfg = Debug|Any CPU
		{9AAF4F63-0A7F-492B-9975-012F2145443B}.Debug|Any CPU.Build.0 = Debug|Any CPU
		{9AAF4F63-0A7F-492B-9975-012F2145443B}.Release|Any CPU.ActiveCfg = Release|Any CPU
		{9AAF4F63-0A7F-492B-9975-012F2145443B}.Release|Any CPU.Build.0 = Release|Any CPU
	EndGlobalSection
	GlobalSection(SolutionProperties) = preSolution
		HideSolutionNode = FALSE
	EndGlobalSection
	GlobalSection(ExtensibilityGlobals) = postSolution
		SolutionGuid = {BEDFDA21-E3F0-4A0A-8935-CBD7AD6E2C00}
	EndGlobalSection
EndGlobal
